
Microsoft Visual Studio Solution File, Format Version 12.00
# Visual Studio Version 16
VisualStudioVersion = 16.0.30320.27
MinimumVisualStudioVersion = 10.0.40219.1
Project("{9A19103F-16F7-4668-BE54-9A1E7A4F7556}") = "BooklistRazor", "BooklistRazor\BooklistRazor.csproj", "{13AAE0DB-BCDE-48EE-B115-A57B7AA4DAAC}"
EndProject
Global
	GlobalSection(SolutionConfigurationPlatforms) = preSolution
		Debug|Any CPU = Debug|Any CPU
		Release|Any CPU = Release|Any CPU
	EndGlobalSection
	GlobalSection(ProjectConfigurationPlatforms) = postSolution
		{13AAE0DB-BCDE-48EE-B115-A57B7AA4DAAC}.Debug|Any CPU.ActiveCfg = Debug|Any CPU
		{13AAE0DB-BCDE-48EE-B115-A57B7AA4DAAC}.Debug|Any CPU.Build.0 = Debug|Any CPU
		{13AAE0DB-BCDE-48EE-B115-A57B7AA4DAAC}.Release|Any CPU.ActiveCfg = Release|Any CPU
		{13AAE0DB-BCDE-48EE-B115-A57B7AA4DAAC}.Release|Any CPU.Build.0 = Release|Any CPU
	EndGlobalSection
	GlobalSection(SolutionProperties) = preSolution
		HideSolutionNode = FALSE
	EndGlobalSection
	GlobalSection(ExtensibilityGlobals) = postSolution
		SolutionGuid = {36B3183E-8396-4DB7-9D9C-47D8E526E66F}
	EndGlobalSection
EndGlobal
